// !$*UTF8*$!
{
	archiveVersion = 1;
	classes = {
	};
	objectVersion = 48;
	objects = {

/* Begin PBXBuildFile section */
		D9F6AF061FB98B2500163F5C /* DDGuidePageViewTests.m in Sources */ = {isa = PBXBuildFile; fileRef = D9F6AF051FB98B2500163F5C /* DDGuidePageViewTests.m */; };
		D9F6AF111FB98B2500163F5C /* DDGuidePageViewUITests.m in Sources */ = {isa = PBXBuildFile; fileRef = D9F6AF101FB98B2500163F5C /* DDGuidePageViewUITests.m */; };
/* End PBXBuildFile section */

/* Begin PBXContainerItemProxy section */
		D9F6AF021FB98B2500163F5C /* PBXContainerItemProxy */ = {
			isa = PBXContainerItemProxy;
			containerPortal = D9F6AEE11FB98B2500163F5C /* Project object */;
			proxyType = 1;
			remoteGlobalIDString = D9F6AEE81FB98B2500163F5C;
			remoteInfo = DDGuidePageView;
		};
		D9F6AF0D1FB98B2500163F5C /* PBXContainerItemProxy */ = {
			isa = PBXContainerItemProxy;
			containerPortal = D9F6AEE11FB98B2500163F5C /* Project object */;
			proxyType = 1;
			remoteGlobalIDString = D9F6AEE81FB98B2500163F5C;
			remoteInfo = DDGuidePageView;
		};
/* End PBXContainerItemProxy section */

/* Begin PBXFileReference section */
		D9F6AEE91FB98B2500163F5C /* DDGuidePageView.app */ = {isa = PBXFileReference; explicitFileType = wrapper.application; includeInIndex = 0; path = DDGuidePageView.app; sourceTree = BUILT_PRODUCTS_DIR; };
		D9F6AF011FB98B2500163F5C /* DDGuidePageViewTests.xctest */ = {isa = PBXFileReference; explicitFileType = wrapper.cfbundle; includeInIndex = 0; path = DDGuidePageViewTests.xctest; sourceTree = BUILT_PRODUCTS_DIR; };
		D9F6AF051FB98B2500163F5C /* DDGuidePageViewTests.m */ = {isa = PBXFileReference; lastKnownFileType = sourcecode.c.objc; path = DDGuidePageViewTests.m; sourceTree = "<group>"; };
		D9F6AF071FB98B2500163F5C /* Info.plist */ = {isa = PBXFileReference; lastKnownFileType = text.plist.xml; path = Info.plist; sourceTree = "<group>"; };
		D9F6AF0C1FB98B2500163F5C /* DDGuidePageViewUITests.xctest */ = {isa = PBXFileReference; explicitFileType = wrapper.cfbundle; includeInIndex = 0; path = DDGuidePageViewUITests.xctest; sourceTree = BUILT_PRODUCTS_DIR; };
		D9F6AF101FB98B2500163F5C /* DDGuidePageViewUITests.m */ = {isa = PBXFileReference; lastKnownFileType = sourcecode.c.objc; path = DDGuidePageViewUITests.m; sourceTree = "<group>"; };
		D9F6AF121FB98B2500163F5C /* Info.plist */ = {isa = PBXFileReference; lastKnownFileType = text.plist.xml; path = Info.plist; sourceTree = "<group>"; };
		D9F6AF2B1FBA7D1400163F5C /* AppDelegate.h */ = {isa = PBXFileReference; lastKnownFileType = sourcecode.c.h; path = AppDelegate.h; sourceTree = "<group>"; };
		D9F6AF2C1FBA7D1400163F5C /* AppDelegate.m */ = {isa = PBXFileReference; lastKnownFileType = sourcecode.c.objc; path = AppDelegate.m; sourceTree = "<group>"; };
		D9F6AF2D1FBA7D1400163F5C /* Assets.xcassets */ = {isa = PBXFileReference; lastKnownFileType = folder.assetcatalog; path = Assets.xcassets; sourceTree = "<group>"; };
		D9F6AF2F1FBA7D1400163F5C /* Base */ = {isa = PBXFileReference; lastKnownFileType = file.storyboard; name = Base; path = Base.lproj/LaunchScreen.storyboard; sourceTree = "<group>"; };
		D9F6AF311FBA7D1400163F5C /* Base */ = {isa = PBXFileReference; lastKnownFileType = file.storyboard; name = Base; path = Base.lproj/Main.storyboard; sourceTree = "<group>"; };
		D9F6AF331FBA7D1400163F5C /* main.m */ = {isa = PBXFileReference; lastKnownFileType = sourcecode.c.objc; path = main.m; sourceTree = "<group>"; };
		D9F6AF341FBA7D1400163F5C /* ViewController.h */ = {isa = PBXFileReference; lastKnownFileType = sourcecode.c.h; path = ViewController.h; sourceTree = "<group>"; };
		D9F6AF351FBA7D1400163F5C /* ViewController.m */ = {isa = PBXFileReference; lastKnownFileType = sourcecode.c.objc; path = ViewController.m; sourceTree = "<group>"; };
		D9F6AF371FBA7D9B00163F5C /* Info.plist */ = {isa = PBXFileReference; lastKnownFileType = text.plist.xml; path = Info.plist; sourceTree = "<group>"; };
/* End PBXFileReference section */

/* Begin PBXFrameworksBuildPhase section */
		D9F6AEE61FB98B2500163F5C /* Frameworks */ = {
			isa = PBXFrameworksBuildPhase;
			buildActionMask = 2147483647;
			files = (
			);
			runOnlyForDeploymentPostprocessing = 0;
		};
		D9F6AEFE1FB98B2500163F5C /* Frameworks */ = {
			isa = PBXFrameworksBuildPhase;
			buildActionMask = 2147483647;
			files = (
			);
			runOnlyForDeploymentPostprocessing = 0;
		};
		D9F6AF091FB98B2500163F5C /* Frameworks */ = {
			isa = PBXFrameworksBuildPhase;
			buildActionMask = 2147483647;
			files = (
			);
			runOnlyForDeploymentPostprocessing = 0;
		};
/* End PBXFrameworksBuildPhase section */

/* Begin PBXGroup section */
		D9F6AEE01FB98B2500163F5C = {
			isa = PBXGroup;
			children = (
				D9F6AF2A1FBA7D1400163F5C /* Examples */,
				D9F6AEEB1FB98B2500163F5C /* DDGuidePageView */,
				D9F6AF041FB98B2500163F5C /* DDGuidePageViewTests */,
				D9F6AF0F1FB98B2500163F5C /* DDGuidePageViewUITests */,
				D9F6AEEA1FB98B2500163F5C /* Products */,
			);
			sourceTree = "<group>";
		};
		D9F6AEEA1FB98B2500163F5C /* Products */ = {
			isa = PBXGroup;
			children = (
				D9F6AEE91FB98B2500163F5C /* DDGuidePageView.app */,
				D9F6AF011FB98B2500163F5C /* DDGuidePageViewTests.xctest */,
				D9F6AF0C1FB98B2500163F5C /* DDGuidePageViewUITests.xctest */,
			);
			name = Products;
			sourceTree = "<group>";
		};
		D9F6AEEB1FB98B2500163F5C /* DDGuidePageView */ = {
			isa = PBXGroup;
			children = (
			);
			path = DDGuidePageView;
			sourceTree = "<group>";
		};
		D9F6AF041FB98B2500163F5C /* DDGuidePageViewTests */ = {
			isa = PBXGroup;
			children = (
				D9F6AF051FB98B2500163F5C /* DDGuidePageViewTests.m */,
				D9F6AF071FB98B2500163F5C /* Info.plist */,
			);
			path = DDGuidePageViewTests;
			sourceTree = "<group>";
		};
		D9F6AF0F1FB98B2500163F5C /* DDGuidePageViewUITests */ = {
			isa = PBXGroup;
			children = (
				D9F6AF101FB98B2500163F5C /* DDGuidePageViewUITests.m */,
				D9F6AF121FB98B2500163F5C /* Info.plist */,
			);
			path = DDGuidePageViewUITests;
			sourceTree = "<group>";
		};
		D9F6AF2A1FBA7D1400163F5C /* Examples */ = {
			isa = PBXGroup;
			children = (
				D9F6AF371FBA7D9B00163F5C /* Info.plist */,
				D9F6AF2B1FBA7D1400163F5C /* AppDelegate.h */,
				D9F6AF2C1FBA7D1400163F5C /* AppDelegate.m */,
				D9F6AF2D1FBA7D1400163F5C /* Assets.xcassets */,
				D9F6AF2E1FBA7D1400163F5C /* LaunchScreen.storyboard */,
				D9F6AF301FBA7D1400163F5C /* Main.storyboard */,
				D9F6AF331FBA7D1400163F5C /* main.m */,
				D9F6AF341FBA7D1400163F5C /* ViewController.h */,
				D9F6AF351FBA7D1400163F5C /* ViewController.m */,
			);
			path = Examples;
			sourceTree = "<group>";
		};
/* End PBXGroup section */

/* Begin PBXNativeTarget section */
		D9F6AEE81FB98B2500163F5C /* DDGuidePageView */ = {
			isa = PBXNativeTarget;
			buildConfigurationList = D9F6AF151FB98B2500163F5C /* Build configuration list for PBXNativeTarget "DDGuidePageView" */;
			buildPhases = (
				D9F6AEE51FB98B2500163F5C /* Sources */,
				D9F6AEE61FB98B2500163F5C /* Frameworks */,
				D9F6AEE71FB98B2500163F5C /* Resources */,
			);
			buildRules = (
			);
			dependencies = (
			);
			name = DDGuidePageView;
			productName = DDGuidePageView;
			productReference = D9F6AEE91FB98B2500163F5C /* DDGuidePageView.app */;
			productType = "com.apple.product-type.application";
		};
		D9F6AF001FB98B2500163F5C /* DDGuidePageViewTests */ = {
			isa = PBXNativeTarget;
			buildConfigurationList = D9F6AF181FB98B2500163F5C /* Build configuration list for PBXNativeTarget "DDGuidePageViewTests" */;
			buildPhases = (
				D9F6AEFD1FB98B2500163F5C /* Sources */,
				D9F6AEFE1FB98B2500163F5C /* Frameworks */,
				D9F6AEFF1FB98B2500163F5C /* Resources */,
			);
			buildRules = (
			);
			dependencies = (
				D9F6AF031FB98B2500163F5C /* PBXTargetDependency */,
			);
			name = DDGuidePageViewTests;
			productName = DDGuidePageViewTests;
			productReference = D9F6AF011FB98B2500163F5C /* DDGuidePageViewTests.xctest */;
			productType = "com.apple.product-type.bundle.unit-test";
		};
		D9F6AF0B1FB98B2500163F5C /* DDGuidePageViewUITests */ = {
			isa = PBXNativeTarget;
			buildConfigurationList = D9F6AF1B1FB98B2500163F5C /* Build configuration list for PBXNativeTarget "DDGuidePageViewUITests" */;
			buildPhases = (
				D9F6AF081FB98B2500163F5C /* Sources */,
				D9F6AF091FB98B2500163F5C /* Frameworks */,
				D9F6AF0A1FB98B2500163F5C /* Resources */,
			);
			buildRules = (
			);
			dependencies = (
				D9F6AF0E1FB98B2500163F5C /* PBXTargetDependency */,
			);
			name = DDGuidePageViewUITests;
			productName = DDGuidePageViewUITests;
			productReference = D9F6AF0C1FB98B2500163F5C /* DDGuidePageViewUITests.xctest */;
			productType = "com.apple.product-type.bundle.ui-testing";
		};
/* End PBXNativeTarget section */

/* Begin PBXProject section */
		D9F6AEE11FB98B2500163F5C /* Project object */ = {
			isa = PBXProject;
			attributes = {
				LastUpgradeCheck = 0900;
				ORGANIZATIONNAME = "方冬冬";
				TargetAttributes = {
					D9F6AEE81FB98B2500163F5C = {
						CreatedOnToolsVersion = 9.0;
						ProvisioningStyle = Automatic;
					};
					D9F6AF001FB98B2500163F5C = {
						CreatedOnToolsVersion = 9.0;
						ProvisioningStyle = Automatic;
						TestTargetID = D9F6AEE81FB98B2500163F5C;
					};
					D9F6AF0B1FB98B2500163F5C = {
						CreatedOnToolsVersion = 9.0;
						ProvisioningStyle = Automatic;
						TestTargetID = D9F6AEE81FB98B2500163F5C;
					};
				};
			};
			buildConfigurationList = D9F6AEE41FB98B2500163F5C /* Build configuration list for PBXProject "DDGuidePageView" */;
			compatibilityVersion = "Xcode 8.0";
			developmentRegion = en;
			hasScannedForEncodings = 0;
			knownRegions = (
				en,
				Base,
			);
			mainGroup = D9F6AEE01FB98B2500163F5C;
			productRefGroup = D9F6AEEA1FB98B2500163F5C /* Products */;
			projectDirPath = "";
			projectRoot = "";
			targets = (
				D9F6AEE81FB98B2500163F5C /* DDGuidePageView */,
				D9F6AF001FB98B2500163F5C /* DDGuidePageViewTests */,
				D9F6AF0B1FB98B2500163F5C /* DDGuidePageViewUITests */,
			);
		};
/* End PBXProject section */

/* Begin PBXResourcesBuildPhase section */
		D9F6AEE71FB98B2500163F5C /* Resources */ = {
			isa = PBXResourcesBuildPhase;
			buildActionMask = 2147483647;
			files = (
			);
			runOnlyForDeploymentPostprocessing = 0;
		};
		D9F6AEFF1FB98B2500163F5C /* Resources */ = {
			isa = PBXResourcesBuildPhase;
			buildActionMask = 2147483647;
			files = (
			);
			runOnlyForDeploymentPostprocessing = 0;
		};
		D9F6AF0A1FB98B2500163F5C /* Resources */ = {
			isa = PBXResourcesBuildPhase;
			buildActionMask = 2147483647;
			files = (
			);
			runOnlyForDeploymentPostprocessing = 0;
		};
/* End PBXResourcesBuildPhase section */

/* Begin PBXSourcesBuildPhase section */
		D9F6AEE51FB98B2500163F5C /* Sources */ = {
			isa = PBXSourcesBuildPhase;
			buildActionMask = 2147483647;
			files = (
			);
			runOnlyForDeploymentPostprocessing = 0;
		};
		D9F6AEFD1FB98B2500163F5C /* Sources */ = {
			isa = PBXSourcesBuildPhase;
			buildActionMask = 2147483647;
			files = (
				D9F6AF061FB98B2500163F5C /* DDGuidePageViewTests.m in Sources */,
			);
			runOnlyForDeploymentPostprocessing = 0;
		};
		D9F6AF081FB98B2500163F5C /* Sources */ = {
			isa = PBXSourcesBuildPhase;
			buildActionMask = 2147483647;
			files = (
				D9F6AF111FB98B2500163F5C /* DDGuidePageViewUITests.m in Sources */,
			);
			runOnlyForDeploymentPostprocessing = 0;
		};
/* End PBXSourcesBuildPhase section */

/* Begin PBXTargetDependency section */
		D9F6AF031FB98B2500163F5C /* PBXTargetDependency */ = {
			isa = PBXTargetDependency;
			target = D9F6AEE81FB98B2500163F5C /* DDGuidePageView */;
			targetProxy = D9F6AF021FB98B2500163F5C /* PBXContainerItemProxy */;
		};
		D9F6AF0E1FB98B2500163F5C /* PBXTargetDependency */ = {
			isa = PBXTargetDependency;
			target = D9F6AEE81FB98B2500163F5C /* DDGuidePageView */;
			targetProxy = D9F6AF0D1FB98B2500163F5C /* PBXContainerItemProxy */;
		};
/* End PBXTargetDependency section */

/* Begin PBXVariantGroup section */
		D9F6AF2E1FBA7D1400163F5C /* LaunchScreen.storyboard */ = {
			isa = PBXVariantGroup;
			children = (
				D9F6AF2F1FBA7D1400163F5C /* Base */,
			);
			name = LaunchScreen.storyboard;
			sourceTree = "<group>";
		};
		D9F6AF301FBA7D1400163F5C /* Main.storyboard */ = {
			isa = PBXVariantGroup;
			children = (
				D9F6AF311FBA7D1400163F5C /* Base */,
			);
			name = Main.storyboard;
			sourceTree = "<group>";
		};
/* End PBXVariantGroup section */

/* Begin XCBuildConfiguration section */
		D9F6AF131FB98B2500163F5C /* Debug */ = {
			isa = XCBuildConfiguration;
			buildSettings = {
				ALWAYS_SEARCH_USER_PATHS = NO;
				CLANG_ANALYZER_NONNULL = YES;
				CLANG_ANALYZER_NUMBER_OBJECT_CONVERSION = YES_AGGRESSIVE;
				CLANG_CXX_LANGUAGE_STANDARD = "gnu++14";
				CLANG_CXX_LIBRARY = "libc++";
				CLANG_ENABLE_MODULES = YES;
				CLANG_ENABLE_OBJC_ARC = YES;
				CLANG_WARN_BLOCK_CAPTURE_AUTORELEASING = YES;
				CLANG_WARN_BOOL_CONVERSION = YES;
				CLANG_WARN_COMMA = YES;
				CLANG_WARN_CONSTANT_CONVERSION = YES;
				CLANG_WARN_DIRECT_OBJC_ISA_USAGE = YES_ERROR;
				CLANG_WARN_DOCUMENTATION_COMMENTS = YES;
				CLANG_WARN_EMPTY_BODY = YES;
				CLANG_WARN_ENUM_CONVERSION = YES;
				CLANG_WARN_INFINITE_RECURSION = YES;
				CLANG_WARN_INT_CONVERSION = YES;
				CLANG_WARN_NON_LITERAL_NULL_CONVERSION = YES;
				CLANG_WARN_OBJC_LITERAL_CONVERSION = YES;
				CLANG_WARN_OBJC_ROOT_CLASS = YES_ERROR;
				CLANG_WARN_RANGE_LOOP_ANALYSIS = YES;
				CLANG_WARN_STRICT_PROTOTYPES = YES;
				CLANG_WARN_SUSPICIOUS_MOVE = YES;
				CLANG_WARN_UNGUARDED_AVAILABILITY = YES_AGGRESSIVE;
				CLANG_WARN_UNREACHABLE_CODE = YES;
				CLANG_WARN__DUPLICATE_METHOD_MATCH = YES;
				CODE_SIGN_IDENTITY = "iPhone Developer";
				COPY_PHASE_STRIP = NO;
				DEBUG_INFORMATION_FORMAT = dwarf;
				ENABLE_STRICT_OBJC_MSGSEND = YES;
				ENABLE_TESTABILITY = YES;
				GCC_C_LANGUAGE_STANDARD = gnu11;
				GCC_DYNAMIC_NO_PIC = NO;
				GCC_NO_COMMON_BLOCKS = YES;
				GCC_OPTIMIZATION_LEVEL = 0;
				GCC_PREPROCESSOR_DEFINITIONS = (
					"DEBUG=1",
					"$(inherited)",
				);
				GCC_WARN_64_TO_32_BIT_CONVERSION = YES;
				GCC_WARN_ABOUT_RETURN_TYPE = YES_ERROR;
				GCC_WARN_UNDECLARED_SELECTOR = YES;
				GCC_WARN_UNINITIALIZED_AUTOS = YES_AGGRESSIVE;
				GCC_WARN_UNUSED_FUNCTION = YES;
				GCC_WARN_UNUSED_VARIABLE = YES;
				IPHONEOS_DEPLOYMENT_TARGET = 11.0;
				MTL_ENABLE_DEBUG_INFO = YES;
				ONLY_ACTIVE_ARCH = YES;
				SDKROOT = iphoneos;
			};
			name = Debug;
		};
		D9F6AF141FB98B2500163F5C /* Release */ = {
			isa = XCBuildConfiguration;
			buildSettings = {
				ALWAYS_SEARCH_USER_PATHS = NO;
				CLANG_ANALYZER_NONNULL = YES;
				CLANG_ANALYZER_NUMBER_OBJECT_CONVERSION = YES_AGGRESSIVE;
				CLANG_CXX_LANGUAGE_STANDARD = "gnu++14";
				CLANG_CXX_LIBRARY = "libc++";
				CLANG_ENABLE_MODULES = YES;
				CLANG_ENABLE_OBJC_ARC = YES;
				CLANG_WARN_BLOCK_CAPTURE_AUTORELEASING = YES;
				CLANG_WARN_BOOL_CONVERSION = YES;
				CLANG_WARN_COMMA = YES;
				CLANG_WARN_CONSTANT_CONVERSION = YES;
				CLANG_WARN_DIRECT_OBJC_ISA_USAGE = YES_ERROR;
				CLANG_WARN_DOCUMENTATION_COMMENTS = YES;
				CLANG_WARN_EMPTY_BODY = YES;
				CLANG_WARN_ENUM_CONVERSION = YES;
				CLANG_WARN_INFINITE_RECURSION = YES;
				CLANG_WARN_INT_CONVERSION = YES;
				CLANG_WARN_NON_LITERAL_NULL_CONVERSION = YES;
				CLANG_WARN_OBJC_LITERAL_CONVERSION = YES;
				CLANG_WARN_OBJC_ROOT_CLASS = YES_ERROR;
				CLANG_WARN_RANGE_LOOP_ANALYSIS = YES;
				CLANG_WARN_STRICT_PROTOTYPES = YES;
				CLANG_WARN_SUSPICIOUS_MOVE = YES;
				CLANG_WARN_UNGUARDED_AVAILABILITY = YES_AGGRESSIVE;
				CLANG_WARN_UNREACHABLE_CODE = YES;
				CLANG_WARN__DUPLICATE_METHOD_MATCH = YES;
				CODE_SIGN_IDENTITY = "iPhone Developer";
				COPY_PHASE_STRIP = NO;
				DEBUG_INFORMATION_FORMAT = "dwarf-with-dsym";
				ENABLE_NS_ASSERTIONS = NO;
				ENABLE_STRICT_OBJC_MSGSEND = YES;
				GCC_C_LANGUAGE_STANDARD = gnu11;
				GCC_NO_COMMON_BLOCKS = YES;
				GCC_WARN_64_TO_32_BIT_CONVERSION = YES;
				GCC_WARN_ABOUT_RETURN_TYPE = YES_ERROR;
				GCC_WARN_UNDECLARED_SELECTOR = YES;
				GCC_WARN_UNINITIALIZED_AUTOS = YES_AGGRESSIVE;
				GCC_WARN_UNUSED_FUNCTION = YES;
				GCC_WARN_UNUSED_VARIABLE = YES;
				IPHONEOS_DEPLOYMENT_TARGET = 11.0;
				MTL_ENABLE_DEBUG_INFO = NO;
				SDKROOT = iphoneos;
				VALIDATE_PRODUCT = YES;
			};
			name = Release;
		};
		D9F6AF161FB98B2500163F5C /* Debug */ = {
			isa = XCBuildConfiguration;
			buildSettings = {
				ASSETCATALOG_COMPILER_APPICON_NAME = AppIcon;
				CODE_SIGN_STYLE = Automatic;
				INFOPLIST_FILE = Examples/Info.plist;
				LD_RUNPATH_SEARCH_PATHS = "$(inherited) @executable_path/Frameworks";
				PRODUCT_BUNDLE_IDENTIFIER = "want-want.DDGuidePageView";
				PRODUCT_NAME = "$(TARGET_NAME)";
				TARGETED_DEVICE_FAMILY = "1,2";
			};
			name = Debug;
		};
		D9F6AF171FB98B2500163F5C /* Release */ = {
			isa = XCBuildConfiguration;
			buildSettings = {
				ASSETCATALOG_COMPILER_APPICON_NAME = AppIcon;
				CODE_SIGN_STYLE = Automatic;
				INFOPLIST_FILE = Examples/Info.plist;
				LD_RUNPATH_SEARCH_PATHS = "$(inherited) @executable_path/Frameworks";
				PRODUCT_BUNDLE_IDENTIFIER = "want-want.DDGuidePageView";
				PRODUCT_NAME = "$(TARGET_NAME)";
				TARGETED_DEVICE_FAMILY = "1,2";
			};
			name = Release;
		};
		D9F6AF191FB98B2500163F5C /* Debug */ = {
			isa = XCBuildConfiguration;
			buildSettings = {
				BUNDLE_LOADER = "$(TEST_HOST)";
				CODE_SIGN_STYLE = Automatic;
				INFOPLIST_FILE = DDGuidePageViewTests/Info.plist;
				LD_RUNPATH_SEARCH_PATHS = "$(inherited) @executable_path/Frameworks @loader_path/Frameworks";
				PRODUCT_BUNDLE_IDENTIFIER = "want-want.DDGuidePageViewTests";
				PRODUCT_NAME = "$(TARGET_NAME)";
				TARGETED_DEVICE_FAMILY = "1,2";
				TEST_HOST = "$(BUILT_PRODUCTS_DIR)/DDGuidePageView.app/DDGuidePageView";
			};
			name = Debug;
		};
		D9F6AF1A1FB98B2500163F5C /* Release */ = {
			isa = XCBuildConfiguration;
			buildSettings = {
				BUNDLE_LOADER = "$(TEST_HOST)";
				CODE_SIGN_STYLE = Automatic;
				INFOPLIST_FILE = DDGuidePageViewTests/Info.plist;
				LD_RUNPATH_SEARCH_PATHS = "$(inherited) @executable_path/Frameworks @loader_path/Frameworks";
				PRODUCT_BUNDLE_IDENTIFIER = "want-want.DDGuidePageViewTests";
				PRODUCT_NAME = "$(TARGET_NAME)";
				TARGETED_DEVICE_FAMILY = "1,2";
				TEST_HOST = "$(BUILT_PRODUCTS_DIR)/DDGuidePageView.app/DDGuidePageView";
			};
			name = Release;
		};
		D9F6AF1C1FB98B2500163F5C /* Debug */ = {
			isa = XCBuildConfiguration;
			buildSettings = {
				CODE_SIGN_STYLE = Automatic;
				INFOPLIST_FILE = DDGuidePageViewUITests/Info.plist;
				LD_RUNPATH_SEARCH_PATHS = "$(inherited) @executable_path/Frameworks @loader_path/Frameworks";
				PRODUCT_BUNDLE_IDENTIFIER = "want-want.DDGuidePageViewUITests";
				PRODUCT_NAME = "$(TARGET_NAME)";
				TARGETED_DEVICE_FAMILY = "1,2";
				TEST_TARGET_NAME = DDGuidePageView;
			};
			name = Debug;
		};
		D9F6AF1D1FB98B2500163F5C /* Release */ = {
			isa = XCBuildConfiguration;
			buildSettings = {
				CODE_SIGN_STYLE = Automatic;
				INFOPLIST_FILE = DDGuidePageViewUITests/Info.plist;
				LD_RUNPATH_SEARCH_PATHS = "$(inherited) @executable_path/Frameworks @loader_path/Frameworks";
				PRODUCT_BUNDLE_IDENTIFIER = "want-want.DDGuidePageViewUITests";
				PRODUCT_NAME = "$(TARGET_NAME)";
				TARGETED_DEVICE_FAMILY = "1,2";
				TEST_TARGET_NAME = DDGuidePageView;
			};
			name = Release;
		};
/* End XCBuildConfiguration section */

/* Begin XCConfigurationList section */
		D9F6AEE41FB98B2500163F5C /* Build configuration list for PBXProject "DDGuidePageView" */ = {
			isa = XCConfigurationList;
			buildConfigurations = (
				D9F6AF131FB98B2500163F5C /* Debug */,
				D9F6AF141FB98B2500163F5C /* Release */,
			);
			defaultConfigurationIsVisible = 0;
			defaultConfigurationName = Release;
		};
		D9F6AF151FB98B2500163F5C /* Build configuration list for PBXNativeTarget "DDGuidePageView" */ = {
			isa = XCConfigurationList;
			buildConfigurations = (
				D9F6AF161FB98B2500163F5C /* Debug */,
				D9F6AF171FB98B2500163F5C /* Release */,
			);
			defaultConfigurationIsVisible = 0;
			defaultConfigurationName = Release;
		};
		D9F6AF181FB98B2500163F5C /* Build configuration list for PBXNativeTarget "DDGuidePageViewTests" */ = {
			isa = XCConfigurationList;
			buildConfigurations = (
				D9F6AF191FB98B2500163F5C /* Debug */,
				D9F6AF1A1FB98B2500163F5C /* Release */,
			);
			defaultConfigurationIsVisible = 0;
			defaultConfigurationName = Release;
		};
		D9F6AF1B1FB98B2500163F5C /* Build configuration list for PBXNativeTarget "DDGuidePageViewUITests" */ = {
			isa = XCConfigurationList;
			buildConfigurations = (
				D9F6AF1C1FB98B2500163F5C /* Debug */,
				D9F6AF1D1FB98B2500163F5C /* Release */,
			);
			defaultConfigurationIsVisible = 0;
			defaultConfigurationName = Release;
		};
/* End XCConfigurationList section */
	};
	rootObject = D9F6AEE11FB98B2500163F5C /* Project object */;
}
